
Microsoft Visual Studio Solution File, Format Version 12.00
# Visual Studio Version 16
VisualStudioVersion = 16.0.29306.81
MinimumVisualStudioVersion = 10.0.40219.1
Project("{FAE04EC0-301F-11D3-BF4B-00C04F79EFBC}") = "WCF_FileConventer", "WCF_FileConventer\WCF_FileConventer.csproj", "{D5679BAF-F438-49FA-BD4A-31FB48758CD8}"
EndProject
Global
	GlobalSection(SolutionConfigurationPlatforms) = preSolution
		Debug|Any CPU = Debug|Any CPU
		Release|Any CPU = Release|Any CPU
	EndGlobalSection
	GlobalSection(ProjectConfigurationPlatforms) = postSolution
		{D5679BAF-F438-49FA-BD4A-31FB48758CD8}.Debug|Any CPU.ActiveCfg = Debug|Any CPU
		{D5679BAF-F438-49FA-BD4A-31FB48758CD8}.Debug|Any CPU.Build.0 = Debug|Any CPU
		{D5679BAF-F438-49FA-BD4A-31FB48758CD8}.Release|Any CPU.ActiveCfg = Release|Any CPU
		{D5679BAF-F438-49FA-BD4A-31FB48758CD8}.Release|Any CPU.Build.0 = Release|Any CPU
	EndGlobalSection
	GlobalSection(SolutionProperties) = preSolution
		HideSolutionNode = FALSE
	EndGlobalSection
	GlobalSection(ExtensibilityGlobals) = postSolution
		SolutionGuid = {318BEBD4-A187-47E5-A518-87E2E58FD14E}
	EndGlobalSection
EndGlobal
